
Microsoft Visual Studio Solution File, Format Version 12.00
# Visual Studio 14
VisualStudioVersion = 14.0.24720.0
MinimumVisualStudioVersion = 10.0.40219.1
Project("{FAE04EC0-301F-11D3-BF4B-00C04F79EFBC}") = "imgcrypt", "imgcrypt\imgcrypt.csproj", "{78617E9C-6A49-4D2C-9806-1FF039D7F0B5}"
EndProject
Project("{FAE04EC0-301F-11D3-BF4B-00C04F79EFBC}") = "imgcrypt-stub", "imgcrypt-stub\imgcrypt-stub.csproj", "{91F8763A-2B6C-481B-99E0-06EB026B938F}"
EndProject
Project("{FAE04EC0-301F-11D3-BF4B-00C04F79EFBC}") = "imgcrypt-loader", "imgcrypt-loader\imgcrypt-loader.csproj", "{A8843271-31BD-40EE-A4FA-0CCCD4F7282F}"
EndProject
Global
	GlobalSection(SolutionConfigurationPlatforms) = preSolution
		Debug|Any CPU = Debug|Any CPU
		Debug|x86 = Debug|x86
		Release|Any CPU = Release|Any CPU
		Release|x86 = Release|x86
	EndGlobalSection
	GlobalSection(ProjectConfigurationPlatforms) = postSolution
		{78617E9C-6A49-4D2C-9806-1FF039D7F0B5}.Debug|Any CPU.ActiveCfg = Debug|Any CPU
		{78617E9C-6A49-4D2C-9806-1FF039D7F0B5}.Debug|Any CPU.Build.0 = Debug|Any CPU
		{78617E9C-6A49-4D2C-9806-1FF039D7F0B5}.Debug|x86.ActiveCfg = Debug|Any CPU
		{78617E9C-6A49-4D2C-9806-1FF039D7F0B5}.Debug|x86.Build.0 = Debug|Any CPU
		{78617E9C-6A49-4D2C-9806-1FF039D7F0B5}.Release|Any CPU.ActiveCfg = Release|Any CPU
		{78617E9C-6A49-4D2C-9806-1FF039D7F0B5}.Release|Any CPU.Build.0 = Release|Any CPU
		{78617E9C-6A49-4D2C-9806-1FF039D7F0B5}.Release|x86.ActiveCfg = Release|Any CPU
		{78617E9C-6A49-4D2C-9806-1FF039D7F0B5}.Release|x86.Build.0 = Release|Any CPU
		{91F8763A-2B6C-481B-99E0-06EB026B938F}.Debug|Any CPU.ActiveCfg = Debug|Any CPU
		{91F8763A-2B6C-481B-99E0-06EB026B938F}.Debug|Any CPU.Build.0 = Debug|Any CPU
		{91F8763A-2B6C-481B-99E0-06EB026B938F}.Debug|x86.ActiveCfg = Debug|Any CPU
		{91F8763A-2B6C-481B-99E0-06EB026B938F}.Debug|x86.Build.0 = Debug|Any CPU
		{91F8763A-2B6C-481B-99E0-06EB026B938F}.Release|Any CPU.ActiveCfg = Release|Any CPU
		{91F8763A-2B6C-481B-99E0-06EB026B938F}.Release|Any CPU.Build.0 = Release|Any CPU
		{91F8763A-2B6C-481B-99E0-06EB026B938F}.Release|x86.ActiveCfg = Release|Any CPU
		{91F8763A-2B6C-481B-99E0-06EB026B938F}.Release|x86.Build.0 = Release|Any CPU
		{A8843271-31BD-40EE-A4FA-0CCCD4F7282F}.Debug|Any CPU.ActiveCfg = Debug|Any CPU
		{A8843271-31BD-40EE-A4FA-0CCCD4F7282F}.Debug|Any CPU.Build.0 = Debug|Any CPU
		{A8843271-31BD-40EE-A4FA-0CCCD4F7282F}.Debug|x86.ActiveCfg = Debug|Any CPU
		{A8843271-31BD-40EE-A4FA-0CCCD4F7282F}.Debug|x86.Build.0 = Debug|Any CPU
		{A8843271-31BD-40EE-A4FA-0CCCD4F7282F}.Release|Any CPU.ActiveCfg = Release|Any CPU
		{A8843271-31BD-40EE-A4FA-0CCCD4F7282F}.Release|Any CPU.Build.0 = Release|Any CPU
		{A8843271-31BD-40EE-A4FA-0CCCD4F7282F}.Release|x86.ActiveCfg = Release|Any CPU
		{A8843271-31BD-40EE-A4FA-0CCCD4F7282F}.Release|x86.Build.0 = Release|Any CPU
	EndGlobalSection
	GlobalSection(SolutionProperties) = preSolution
		HideSolutionNode = FALSE
	EndGlobalSection
EndGlobal
